// !$*UTF8*$!
{
	archiveVersion = 1;
	classes = {
	};
	objectVersion = 55;
	objects = {

/* Begin PBXBuildFile section */
		08D50A1D27FD2E9E0091C3DA /* AppDelegate.swift in Sources */ = {isa = PBXBuildFile; fileRef = 08D50A1C27FD2E9E0091C3DA /* AppDelegate.swift */; };
		08D50A1F27FD2E9E0091C3DA /* SceneDelegate.swift in Sources */ = {isa = PBXBuildFile; fileRef = 08D50A1E27FD2E9E0091C3DA /* SceneDelegate.swift */; };
		08D50A2127FD2E9E0091C3DA /* ViewController.swift in Sources */ = {isa = PBXBuildFile; fileRef = 08D50A2027FD2E9E0091C3DA /* ViewController.swift */; };
		08D50A2427FD2E9E0091C3DA /* Main.storyboard in Resources */ = {isa = PBXBuildFile; fileRef = 08D50A2227FD2E9E0091C3DA /* Main.storyboard */; };
		08D50A2627FD2EA00091C3DA /* Assets.xcassets in Resources */ = {isa = PBXBuildFile; fileRef = 08D50A2527FD2EA00091C3DA /* Assets.xcassets */; };
		08D50A2927FD2EA00091C3DA /* LaunchScreen.storyboard in Resources */ = {isa = PBXBuildFile; fileRef = 08D50A2727FD2EA00091C3DA /* LaunchScreen.storyboard */; };
		08D50A3427FD2EA00091C3DA /* FirebaseChatAppTests.swift in Sources */ = {isa = PBXBuildFile; fileRef = 08D50A3327FD2EA00091C3DA /* FirebaseChatAppTests.swift */; };
		08D50A3E27FD2EA00091C3DA /* FirebaseChatAppUITests.swift in Sources */ = {isa = PBXBuildFile; fileRef = 08D50A3D27FD2EA00091C3DA /* FirebaseChatAppUITests.swift */; };
		08D50A4027FD2EA00091C3DA /* FirebaseChatAppUITestsLaunchTests.swift in Sources */ = {isa = PBXBuildFile; fileRef = 08D50A3F27FD2EA00091C3DA /* FirebaseChatAppUITestsLaunchTests.swift */; };
/* End PBXBuildFile section */

/* Begin PBXContainerItemProxy section */
		08D50A3027FD2EA00091C3DA /* PBXContainerItemProxy */ = {
			isa = PBXContainerItemProxy;
			containerPortal = 08D50A1127FD2E9E0091C3DA /* Project object */;
			proxyType = 1;
			remoteGlobalIDString = 08D50A1827FD2E9E0091C3DA;
			remoteInfo = FirebaseChatApp;
		};
		08D50A3A27FD2EA00091C3DA /* PBXContainerItemProxy */ = {
			isa = PBXContainerItemProxy;
			containerPortal = 08D50A1127FD2E9E0091C3DA /* Project object */;
			proxyType = 1;
			remoteGlobalIDString = 08D50A1827FD2E9E0091C3DA;
			remoteInfo = FirebaseChatApp;
		};
/* End PBXContainerItemProxy section */

/* Begin PBXFileReference section */
		08D50A1927FD2E9E0091C3DA /* FirebaseChatApp.app */ = {isa = PBXFileReference; explicitFileType = wrapper.application; includeInIndex = 0; path = FirebaseChatApp.app; sourceTree = BUILT_PRODUCTS_DIR; };
		08D50A1C27FD2E9E0091C3DA /* AppDelegate.swift */ = {isa = PBXFileReference; lastKnownFileType = sourcecode.swift; path = AppDelegate.swift; sourceTree = "<group>"; };
		08D50A1E27FD2E9E0091C3DA /* SceneDelegate.swift */ = {isa = PBXFileReference; lastKnownFileType = sourcecode.swift; path = SceneDelegate.swift; sourceTree = "<group>"; };
		08D50A2027FD2E9E0091C3DA /* ViewController.swift */ = {isa = PBXFileReference; lastKnownFileType = sourcecode.swift; path = ViewController.swift; sourceTree = "<group>"; };
		08D50A2327FD2E9E0091C3DA /* Base */ = {isa = PBXFileReference; lastKnownFileType = file.storyboard; name = Base; path = Base.lproj/Main.storyboard; sourceTree = "<group>"; };
		08D50A2527FD2EA00091C3DA /* Assets.xcassets */ = {isa = PBXFileReference; lastKnownFileType = folder.assetcatalog; path = Assets.xcassets; sourceTree = "<group>"; };
		08D50A2827FD2EA00091C3DA /* Base */ = {isa = PBXFileReference; lastKnownFileType = file.storyboard; name = Base; path = Base.lproj/LaunchScreen.storyboard; sourceTree = "<group>"; };
		08D50A2A27FD2EA00091C3DA /* Info.plist */ = {isa = PBXFileReference; lastKnownFileType = text.plist.xml; path = Info.plist; sourceTree = "<group>"; };
		08D50A2F27FD2EA00091C3DA /* FirebaseChatAppTests.xctest */ = {isa = PBXFileReference; explicitFileType = wrapper.cfbundle; includeInIndex = 0; path = FirebaseChatAppTests.xctest; sourceTree = BUILT_PRODUCTS_DIR; };
		08D50A3327FD2EA00091C3DA /* FirebaseChatAppTests.swift */ = {isa = PBXFileReference; lastKnownFileType = sourcecode.swift; path = FirebaseChatAppTests.swift; sourceTree = "<group>"; };
		08D50A3927FD2EA00091C3DA /* FirebaseChatAppUITests.xctest */ = {isa = PBXFileReference; explicitFileType = wrapper.cfbundle; includeInIndex = 0; path = FirebaseChatAppUITests.xctest; sourceTree = BUILT_PRODUCTS_DIR; };
		08D50A3D27FD2EA00091C3DA /* FirebaseChatAppUITests.swift */ = {isa = PBXFileReference; lastKnownFileType = sourcecode.swift; path = FirebaseChatAppUITests.swift; sourceTree = "<group>"; };
		08D50A3F27FD2EA00091C3DA /* FirebaseChatAppUITestsLaunchTests.swift */ = {isa = PBXFileReference; lastKnownFileType = sourcecode.swift; path = FirebaseChatAppUITestsLaunchTests.swift; sourceTree = "<group>"; };
/* End PBXFileReference section */

/* Begin PBXFrameworksBuildPhase section */
		08D50A1627FD2E9E0091C3DA /* Frameworks */ = {
			isa = PBXFrameworksBuildPhase;
			buildActionMask = 2147483647;
			files = (
			);
			runOnlyForDeploymentPostprocessing = 0;
		};
		08D50A2C27FD2EA00091C3DA /* Frameworks */ = {
			isa = PBXFrameworksBuildPhase;
			buildActionMask = 2147483647;
			files = (
			);
			runOnlyForDeploymentPostprocessing = 0;
		};
		08D50A3627FD2EA00091C3DA /* Frameworks */ = {
			isa = PBXFrameworksBuildPhase;
			buildActionMask = 2147483647;
			files = (
			);
			runOnlyForDeploymentPostprocessing = 0;
		};
/* End PBXFrameworksBuildPhase section */

/* Begin PBXGroup section */
		08D50A1027FD2E9E0091C3DA = {
			isa = PBXGroup;
			children = (
				08D50A1B27FD2E9E0091C3DA /* FirebaseChatApp */,
				08D50A3227FD2EA00091C3DA /* FirebaseChatAppTests */,
				08D50A3C27FD2EA00091C3DA /* FirebaseChatAppUITests */,
				08D50A1A27FD2E9E0091C3DA /* Products */,
			);
			sourceTree = "<group>";
		};
		08D50A1A27FD2E9E0091C3DA /* Products */ = {
			isa = PBXGroup;
			children = (
				08D50A1927FD2E9E0091C3DA /* FirebaseChatApp.app */,
				08D50A2F27FD2EA00091C3DA /* FirebaseChatAppTests.xctest */,
				08D50A3927FD2EA00091C3DA /* FirebaseChatAppUITests.xctest */,
			);
			name = Products;
			sourceTree = "<group>";
		};
		08D50A1B27FD2E9E0091C3DA /* FirebaseChatApp */ = {
			isa = PBXGroup;
			children = (
				08D50A1C27FD2E9E0091C3DA /* AppDelegate.swift */,
				08D50A1E27FD2E9E0091C3DA /* SceneDelegate.swift */,
				08D50A2027FD2E9E0091C3DA /* ViewController.swift */,
				08D50A2227FD2E9E0091C3DA /* Main.storyboard */,
				08D50A2527FD2EA00091C3DA /* Assets.xcassets */,
				08D50A2727FD2EA00091C3DA /* LaunchScreen.storyboard */,
				08D50A2A27FD2EA00091C3DA /* Info.plist */,
			);
			path = FirebaseChatApp;
			sourceTree = "<group>";
		};
		08D50A3227FD2EA00091C3DA /* FirebaseChatAppTests */ = {
			isa = PBXGroup;
			children = (
				08D50A3327FD2EA00091C3DA /* FirebaseChatAppTests.swift */,
			);
			path = FirebaseChatAppTests;
			sourceTree = "<group>";
		};
		08D50A3C27FD2EA00091C3DA /* FirebaseChatAppUITests */ = {
			isa = PBXGroup;
			children = (
				08D50A3D27FD2EA00091C3DA /* FirebaseChatAppUITests.swift */,
				08D50A3F27FD2EA00091C3DA /* FirebaseChatAppUITestsLaunchTests.swift */,
			);
			path = FirebaseChatAppUITests;
			sourceTree = "<group>";
		};
/* End PBXGroup section */

/* Begin PBXNativeTarget section */
		08D50A1827FD2E9E0091C3DA /* FirebaseChatApp */ = {
			isa = PBXNativeTarget;
			buildConfigurationList = 08D50A4327FD2EA00091C3DA /* Build configuration list for PBXNativeTarget "FirebaseChatApp" */;
			buildPhases = (
				08D50A1527FD2E9E0091C3DA /* Sources */,
				08D50A1627FD2E9E0091C3DA /* Frameworks */,
				08D50A1727FD2E9E0091C3DA /* Resources */,
			);
			buildRules = (
			);
			dependencies = (
			);
			name = FirebaseChatApp;
			productName = FirebaseChatApp;
			productReference = 08D50A1927FD2E9E0091C3DA /* FirebaseChatApp.app */;
			productType = "com.apple.product-type.application";
		};
		08D50A2E27FD2EA00091C3DA /* FirebaseChatAppTests */ = {
			isa = PBXNativeTarget;
			buildConfigurationList = 08D50A4627FD2EA00091C3DA /* Build configuration list for PBXNativeTarget "FirebaseChatAppTests" */;
			buildPhases = (
				08D50A2B27FD2EA00091C3DA /* Sources */,
				08D50A2C27FD2EA00091C3DA /* Frameworks */,
				08D50A2D27FD2EA00091C3DA /* Resources */,
			);
			buildRules = (
			);
			dependencies = (
				08D50A3127FD2EA00091C3DA /* PBXTargetDependency */,
			);
			name = FirebaseChatAppTests;
			productName = FirebaseChatAppTests;
			productReference = 08D50A2F27FD2EA00091C3DA /* FirebaseChatAppTests.xctest */;
			productType = "com.apple.product-type.bundle.unit-test";
		};
		08D50A3827FD2EA00091C3DA /* FirebaseChatAppUITests */ = {
			isa = PBXNativeTarget;
			buildConfigurationList = 08D50A4927FD2EA00091C3DA /* Build configuration list for PBXNativeTarget "FirebaseChatAppUITests" */;
			buildPhases = (
				08D50A3527FD2EA00091C3DA /* Sources */,
				08D50A3627FD2EA00091C3DA /* Frameworks */,
				08D50A3727FD2EA00091C3DA /* Resources */,
			);
			buildRules = (
			);
			dependencies = (
				08D50A3B27FD2EA00091C3DA /* PBXTargetDependency */,
			);
			name = FirebaseChatAppUITests;
			productName = FirebaseChatAppUITests;
			productReference = 08D50A3927FD2EA00091C3DA /* FirebaseChatAppUITests.xctest */;
			productType = "com.apple.product-type.bundle.ui-testing";
		};
/* End PBXNativeTarget section */

/* Begin PBXProject section */
		08D50A1127FD2E9E0091C3DA /* Project object */ = {
			isa = PBXProject;
			attributes = {
				BuildIndependentTargetsInParallel = 1;
				LastSwiftUpdateCheck = 1330;
				LastUpgradeCheck = 1330;
				TargetAttributes = {
					08D50A1827FD2E9E0091C3DA = {
						CreatedOnToolsVersion = 13.3;
					};
					08D50A2E27FD2EA00091C3DA = {
						CreatedOnToolsVersion = 13.3;
						TestTargetID = 08D50A1827FD2E9E0091C3DA;
					};
					08D50A3827FD2EA00091C3DA = {
						CreatedOnToolsVersion = 13.3;
						TestTargetID = 08D50A1827FD2E9E0091C3DA;
					};
				};
			};
			buildConfigurationList = 08D50A1427FD2E9E0091C3DA /* Build configuration list for PBXProject "FirebaseChatApp" */;
			compatibilityVersion = "Xcode 13.0";
			developmentRegion = en;
			hasScannedForEncodings = 0;
			knownRegions = (
				en,
				Base,
			);
			mainGroup = 08D50A1027FD2E9E0091C3DA;
			productRefGroup = 08D50A1A27FD2E9E0091C3DA /* Products */;
			projectDirPath = "";
			projectRoot = "";
			targets = (
				08D50A1827FD2E9E0091C3DA /* FirebaseChatApp */,
				08D50A2E27FD2EA00091C3DA /* FirebaseChatAppTests */,
				08D50A3827FD2EA00091C3DA /* FirebaseChatAppUITests */,
			);
		};
/* End PBXProject section */

/* Begin PBXResourcesBuildPhase section */
		08D50A1727FD2E9E0091C3DA /* Resources */ = {
			isa = PBXResourcesBuildPhase;
			buildActionMask = 2147483647;
			files = (
				08D50A2927FD2EA00091C3DA /* LaunchScreen.storyboard in Resources */,
				08D50A2627FD2EA00091C3DA /* Assets.xcassets in Resources */,
				08D50A2427FD2E9E0091C3DA /* Main.storyboard in Resources */,
			);
			runOnlyForDeploymentPostprocessing = 0;
		};
		08D50A2D27FD2EA00091C3DA /* Resources */ = {
			isa = PBXResourcesBuildPhase;
			buildActionMask = 2147483647;
			files = (
			);
			runOnlyForDeploymentPostprocessing = 0;
		};
		08D50A3727FD2EA00091C3DA /* Resources */ = {
			isa = PBXResourcesBuildPhase;
			buildActionMask = 2147483647;
			files = (
			);
			runOnlyForDeploymentPostprocessing = 0;
		};
/* End PBXResourcesBuildPhase section */

/* Begin PBXSourcesBuildPhase section */
		08D50A1527FD2E9E0091C3DA /* Sources */ = {
			isa = PBXSourcesBuildPhase;
			buildActionMask = 2147483647;
			files = (
				08D50A2127FD2E9E0091C3DA /* ViewController.swift in Sources */,
				08D50A1D27FD2E9E0091C3DA /* AppDelegate.swift in Sources */,
				08D50A1F27FD2E9E0091C3DA /* SceneDelegate.swift in Sources */,
			);
			runOnlyForDeploymentPostprocessing = 0;
		};
		08D50A2B27FD2EA00091C3DA /* Sources */ = {
			isa = PBXSourcesBuildPhase;
			buildActionMask = 2147483647;
			files = (
				08D50A3427FD2EA00091C3DA /* FirebaseChatAppTests.swift in Sources */,
			);
			runOnlyForDeploymentPostprocessing = 0;
		};
		08D50A3527FD2EA00091C3DA /* Sources */ = {
			isa = PBXSourcesBuildPhase;
			buildActionMask = 2147483647;
			files = (
				08D50A3E27FD2EA00091C3DA /* FirebaseChatAppUITests.swift in Sources */,
				08D50A4027FD2EA00091C3DA /* FirebaseChatAppUITestsLaunchTests.swift in Sources */,
			);
			runOnlyForDeploymentPostprocessing = 0;
		};
/* End PBXSourcesBuildPhase section */

/* Begin PBXTargetDependency section */
		08D50A3127FD2EA00091C3DA /* PBXTargetDependency */ = {
			isa = PBXTargetDependency;
			target = 08D50A1827FD2E9E0091C3DA /* FirebaseChatApp */;
			targetProxy = 08D50A3027FD2EA00091C3DA /* PBXContainerItemProxy */;
		};
		08D50A3B27FD2EA00091C3DA /* PBXTargetDependency */ = {
			isa = PBXTargetDependency;
			target = 08D50A1827FD2E9E0091C3DA /* FirebaseChatApp */;
			targetProxy = 08D50A3A27FD2EA00091C3DA /* PBXContainerItemProxy */;
		};
/* End PBXTargetDependency section */

/* Begin PBXVariantGroup section */
		08D50A2227FD2E9E0091C3DA /* Main.storyboard */ = {
			isa = PBXVariantGroup;
			children = (
				08D50A2327FD2E9E0091C3DA /* Base */,
			);
			name = Main.storyboard;
			sourceTree = "<group>";
		};
		08D50A2727FD2EA00091C3DA /* LaunchScreen.storyboard */ = {
			isa = PBXVariantGroup;
			children = (
				08D50A2827FD2EA00091C3DA /* Base */,
			);
			name = LaunchScreen.storyboard;
			sourceTree = "<group>";
		};
/* End PBXVariantGroup section */

/* Begin XCBuildConfiguration section */
		08D50A4127FD2EA00091C3DA /* Debug */ = {
			isa = XCBuildConfiguration;
			buildSettings = {
				ALWAYS_SEARCH_USER_PATHS = NO;
				CLANG_ANALYZER_NONNULL = YES;
				CLANG_ANALYZER_NUMBER_OBJECT_CONVERSION = YES_AGGRESSIVE;
				CLANG_CXX_LANGUAGE_STANDARD = "gnu++17";
				CLANG_ENABLE_MODULES = YES;
				CLANG_ENABLE_OBJC_ARC = YES;
				CLANG_ENABLE_OBJC_WEAK = YES;
				CLANG_WARN_BLOCK_CAPTURE_AUTORELEASING = YES;
				CLANG_WARN_BOOL_CONVERSION = YES;
				CLANG_WARN_COMMA = YES;
				CLANG_WARN_CONSTANT_CONVERSION = YES;
				CLANG_WARN_DEPRECATED_OBJC_IMPLEMENTATIONS = YES;
				CLANG_WARN_DIRECT_OBJC_ISA_USAGE = YES_ERROR;
				CLANG_WARN_DOCUMENTATION_COMMENTS = YES;
				CLANG_WARN_EMPTY_BODY = YES;
				CLANG_WARN_ENUM_CONVERSION = YES;
				CLANG_WARN_INFINITE_RECURSION = YES;
				CLANG_WARN_INT_CONVERSION = YES;
				CLANG_WARN_NON_LITERAL_NULL_CONVERSION = YES;
				CLANG_WARN_OBJC_IMPLICIT_RETAIN_SELF = YES;
				CLANG_WARN_OBJC_LITERAL_CONVERSION = YES;
				CLANG_WARN_OBJC_ROOT_CLASS = YES_ERROR;
				CLANG_WARN_QUOTED_INCLUDE_IN_FRAMEWORK_HEADER = YES;
				CLANG_WARN_RANGE_LOOP_ANALYSIS = YES;
				CLANG_WARN_STRICT_PROTOTYPES = YES;
				CLANG_WARN_SUSPICIOUS_MOVE = YES;
				CLANG_WARN_UNGUARDED_AVAILABILITY = YES_AGGRESSIVE;
				CLANG_WARN_UNREACHABLE_CODE = YES;
				CLANG_WARN__DUPLICATE_METHOD_MATCH = YES;
				COPY_PHASE_STRIP = NO;
				DEBUG_INFORMATION_FORMAT = dwarf;
				ENABLE_STRICT_OBJC_MSGSEND = YES;
				ENABLE_TESTABILITY = YES;
				GCC_C_LANGUAGE_STANDARD = gnu11;
				GCC_DYNAMIC_NO_PIC = NO;
				GCC_NO_COMMON_BLOCKS = YES;
				GCC_OPTIMIZATION_LEVEL = 0;
				GCC_PREPROCESSOR_DEFINITIONS = (
					"DEBUG=1",
					"$(inherited)",
				);
				GCC_WARN_64_TO_32_BIT_CONVERSION = YES;
				GCC_WARN_ABOUT_RETURN_TYPE = YES_ERROR;
				GCC_WARN_UNDECLARED_SELECTOR = YES;
				GCC_WARN_UNINITIALIZED_AUTOS = YES_AGGRESSIVE;
				GCC_WARN_UNUSED_FUNCTION = YES;
				GCC_WARN_UNUSED_VARIABLE = YES;
				IPHONEOS_DEPLOYMENT_TARGET = 15.4;
				MTL_ENABLE_DEBUG_INFO = INCLUDE_SOURCE;
				MTL_FAST_MATH = YES;
				ONLY_ACTIVE_ARCH = YES;
				SDKROOT = iphoneos;
				SWIFT_ACTIVE_COMPILATION_CONDITIONS = DEBUG;
				SWIFT_OPTIMIZATION_LEVEL = "-Onone";
			};
			name = Debug;
		};
		08D50A4227FD2EA00091C3DA /* Release */ = {
			isa = XCBuildConfiguration;
			buildSettings = {
				ALWAYS_SEARCH_USER_PATHS = NO;
				CLANG_ANALYZER_NONNULL = YES;
				CLANG_ANALYZER_NUMBER_OBJECT_CONVERSION = YES_AGGRESSIVE;
				CLANG_CXX_LANGUAGE_STANDARD = "gnu++17";
				CLANG_ENABLE_MODULES = YES;
				CLANG_ENABLE_OBJC_ARC = YES;
				CLANG_ENABLE_OBJC_WEAK = YES;
				CLANG_WARN_BLOCK_CAPTURE_AUTORELEASING = YES;
				CLANG_WARN_BOOL_CONVERSION = YES;
				CLANG_WARN_COMMA = YES;
				CLANG_WARN_CONSTANT_CONVERSION = YES;
				CLANG_WARN_DEPRECATED_OBJC_IMPLEMENTATIONS = YES;
				CLANG_WARN_DIRECT_OBJC_ISA_USAGE = YES_ERROR;
				CLANG_WARN_DOCUMENTATION_COMMENTS = YES;
				CLANG_WARN_EMPTY_BODY = YES;
				CLANG_WARN_ENUM_CONVERSION = YES;
				CLANG_WARN_INFINITE_RECURSION = YES;
				CLANG_WARN_INT_CONVERSION = YES;
				CLANG_WARN_NON_LITERAL_NULL_CONVERSION = YES;
				CLANG_WARN_OBJC_IMPLICIT_RETAIN_SELF = YES;
				CLANG_WARN_OBJC_LITERAL_CONVERSION = YES;
				CLANG_WARN_OBJC_ROOT_CLASS = YES_ERROR;
				CLANG_WARN_QUOTED_INCLUDE_IN_FRAMEWORK_HEADER = YES;
				CLANG_WARN_RANGE_LOOP_ANALYSIS = YES;
				CLANG_WARN_STRICT_PROTOTYPES = YES;
				CLANG_WARN_SUSPICIOUS_MOVE = YES;
				CLANG_WARN_UNGUARDED_AVAILABILITY = YES_AGGRESSIVE;
				CLANG_WARN_UNREACHABLE_CODE = YES;
				CLANG_WARN__DUPLICATE_METHOD_MATCH = YES;
				COPY_PHASE_STRIP = NO;
				DEBUG_INFORMATION_FORMAT = "dwarf-with-dsym";
				ENABLE_NS_ASSERTIONS = NO;
				ENABLE_STRICT_OBJC_MSGSEND = YES;
				GCC_C_LANGUAGE_STANDARD = gnu11;
				GCC_NO_COMMON_BLOCKS = YES;
				GCC_WARN_64_TO_32_BIT_CONVERSION = YES;
				GCC_WARN_ABOUT_RETURN_TYPE = YES_ERROR;
				GCC_WARN_UNDECLARED_SELECTOR = YES;
				GCC_WARN_UNINITIALIZED_AUTOS = YES_AGGRESSIVE;
				GCC_WARN_UNUSED_FUNCTION = YES;
				GCC_WARN_UNUSED_VARIABLE = YES;
				IPHONEOS_DEPLOYMENT_TARGET = 15.4;
				MTL_ENABLE_DEBUG_INFO = NO;
				MTL_FAST_MATH = YES;
				SDKROOT = iphoneos;
				SWIFT_COMPILATION_MODE = wholemodule;
				SWIFT_OPTIMIZATION_LEVEL = "-O";
				VALIDATE_PRODUCT = YES;
			};
			name = Release;
		};
		08D50A4427FD2EA00091C3DA /* Debug */ = {
			isa = XCBuildConfiguration;
			buildSettings = {
				ASSETCATALOG_COMPILER_APPICON_NAME = AppIcon;
				ASSETCATALOG_COMPILER_GLOBAL_ACCENT_COLOR_NAME = AccentColor;
				CODE_SIGN_STYLE = Automatic;
				CURRENT_PROJECT_VERSION = 1;
				GENERATE_INFOPLIST_FILE = YES;
				INFOPLIST_FILE = FirebaseChatApp/Info.plist;
				INFOPLIST_KEY_UIApplicationSupportsIndirectInputEvents = YES;
				INFOPLIST_KEY_UILaunchStoryboardName = LaunchScreen;
				INFOPLIST_KEY_UIMainStoryboardFile = Main;
				INFOPLIST_KEY_UISupportedInterfaceOrientations_iPad = "UIInterfaceOrientationPortrait UIInterfaceOrientationPortraitUpsideDown UIInterfaceOrientationLandscapeLeft UIInterfaceOrientationLandscapeRight";
				INFOPLIST_KEY_UISupportedInterfaceOrientations_iPhone = "UIInterfaceOrientationPortrait UIInterfaceOrientationLandscapeLeft UIInterfaceOrientationLandscapeRight";
				LD_RUNPATH_SEARCH_PATHS = (
					"$(inherited)",
					"@executable_path/Frameworks",
				);
				MARKETING_VERSION = 1.0;
				PRODUCT_BUNDLE_IDENTIFIER = com.rk.FirebaseChatApp;
				PRODUCT_NAME = "$(TARGET_NAME)";
				SWIFT_EMIT_LOC_STRINGS = YES;
				SWIFT_VERSION = 5.0;
				TARGETED_DEVICE_FAMILY = "1,2";
			};
			name = Debug;
		};
		08D50A4527FD2EA00091C3DA /* Release */ = {
			isa = XCBuildConfiguration;
			buildSettings = {
				ASSETCATALOG_COMPILER_APPICON_NAME = AppIcon;
				ASSETCATALOG_COMPILER_GLOBAL_ACCENT_COLOR_NAME = AccentColor;
				CODE_SIGN_STYLE = Automatic;
				CURRENT_PROJECT_VERSION = 1;
				GENERATE_INFOPLIST_FILE = YES;
				INFOPLIST_FILE = FirebaseChatApp/Info.plist;
				INFOPLIST_KEY_UIApplicationSupportsIndirectInputEvents = YES;
				INFOPLIST_KEY_UILaunchStoryboardName = LaunchScreen;
				INFOPLIST_KEY_UIMainStoryboardFile = Main;
				INFOPLIST_KEY_UISupportedInterfaceOrientations_iPad = "UIInterfaceOrientationPortrait UIInterfaceOrientationPortraitUpsideDown UIInterfaceOrientationLandscapeLeft UIInterfaceOrientationLandscapeRight";
				INFOPLIST_KEY_UISupportedInterfaceOrientations_iPhone = "UIInterfaceOrientationPortrait UIInterfaceOrientationLandscapeLeft UIInterfaceOrientationLandscapeRight";
				LD_RUNPATH_SEARCH_PATHS = (
					"$(inherited)",
					"@executable_path/Frameworks",
				);
				MARKETING_VERSION = 1.0;
				PRODUCT_BUNDLE_IDENTIFIER = com.rk.FirebaseChatApp;
				PRODUCT_NAME = "$(TARGET_NAME)";
				SWIFT_EMIT_LOC_STRINGS = YES;
				SWIFT_VERSION = 5.0;
				TARGETED_DEVICE_FAMILY = "1,2";
			};
			name = Release;
		};
		08D50A4727FD2EA00091C3DA /* Debug */ = {
			isa = XCBuildConfiguration;
			buildSettings = {
				ALWAYS_EMBED_SWIFT_STANDARD_LIBRARIES = YES;
				BUNDLE_LOADER = "$(TEST_HOST)";
				CODE_SIGN_STYLE = Automatic;
				CURRENT_PROJECT_VERSION = 1;
				GENERATE_INFOPLIST_FILE = YES;
				IPHONEOS_DEPLOYMENT_TARGET = 15.4;
				MARKETING_VERSION = 1.0;
				PRODUCT_BUNDLE_IDENTIFIER = com.rk.FirebaseChatAppTests;
				PRODUCT_NAME = "$(TARGET_NAME)";
				SWIFT_EMIT_LOC_STRINGS = NO;
				SWIFT_VERSION = 5.0;
				TARGETED_DEVICE_FAMILY = "1,2";
				TEST_HOST = "$(BUILT_PRODUCTS_DIR)/FirebaseChatApp.app/FirebaseChatApp";
			};
			name = Debug;
		};
		08D50A4827FD2EA00091C3DA /* Release */ = {
			isa = XCBuildConfiguration;
			buildSettings = {
				ALWAYS_EMBED_SWIFT_STANDARD_LIBRARIES = YES;
				BUNDLE_LOADER = "$(TEST_HOST)";
				CODE_SIGN_STYLE = Automatic;
				CURRENT_PROJECT_VERSION = 1;
				GENERATE_INFOPLIST_FILE = YES;
				IPHONEOS_DEPLOYMENT_TARGET = 15.4;
				MARKETING_VERSION = 1.0;
				PRODUCT_BUNDLE_IDENTIFIER = com.rk.FirebaseChatAppTests;
				PRODUCT_NAME = "$(TARGET_NAME)";
				SWIFT_EMIT_LOC_STRINGS = NO;
				SWIFT_VERSION = 5.0;
				TARGETED_DEVICE_FAMILY = "1,2";
				TEST_HOST = "$(BUILT_PRODUCTS_DIR)/FirebaseChatApp.app/FirebaseChatApp";
			};
			name = Release;
		};
		08D50A4A27FD2EA00091C3DA /* Debug */ = {
			isa = XCBuildConfiguration;
			buildSettings = {
				ALWAYS_EMBED_SWIFT_STANDARD_LIBRARIES = YES;
				CODE_SIGN_STYLE = Automatic;
				CURRENT_PROJECT_VERSION = 1;
				GENERATE_INFOPLIST_FILE = YES;
				MARKETING_VERSION = 1.0;
				PRODUCT_BUNDLE_IDENTIFIER = com.rk.FirebaseChatAppUITests;
				PRODUCT_NAME = "$(TARGET_NAME)";
				SWIFT_EMIT_LOC_STRINGS = NO;
				SWIFT_VERSION = 5.0;
				TARGETED_DEVICE_FAMILY = "1,2";
				TEST_TARGET_NAME = FirebaseChatApp;
			};
			name = Debug;
		};
		08D50A4B27FD2EA00091C3DA /* Release */ = {
			isa = XCBuildConfiguration;
			buildSettings = {
				ALWAYS_EMBED_SWIFT_STANDARD_LIBRARIES = YES;
				CODE_SIGN_STYLE = Automatic;
				CURRENT_PROJECT_VERSION = 1;
				GENERATE_INFOPLIST_FILE = YES;
				MARKETING_VERSION = 1.0;
				PRODUCT_BUNDLE_IDENTIFIER = com.rk.FirebaseChatAppUITests;
				PRODUCT_NAME = "$(TARGET_NAME)";
				SWIFT_EMIT_LOC_STRINGS = NO;
				SWIFT_VERSION = 5.0;
				TARGETED_DEVICE_FAMILY = "1,2";
				TEST_TARGET_NAME = FirebaseChatApp;
			};
			name = Release;
		};
/* End XCBuildConfiguration section */

/* Begin XCConfigurationList section */
		08D50A1427FD2E9E0091C3DA /* Build configuration list for PBXProject "FirebaseChatApp" */ = {
			isa = XCConfigurationList;
			buildConfigurations = (
				08D50A4127FD2EA00091C3DA /* Debug */,
				08D50A4227FD2EA00091C3DA /* Release */,
			);
			defaultConfigurationIsVisible = 0;
			defaultConfigurationName = Release;
		};
		08D50A4327FD2EA00091C3DA /* Build configuration list for PBXNativeTarget "FirebaseChatApp" */ = {
			isa = XCConfigurationList;
			buildConfigurations = (
				08D50A4427FD2EA00091C3DA /* Debug */,
				08D50A4527FD2EA00091C3DA /* Release */,
			);
			defaultConfigurationIsVisible = 0;
			defaultConfigurationName = Release;
		};
		08D50A4627FD2EA00091C3DA /* Build configuration list for PBXNativeTarget "FirebaseChatAppTests" */ = {
			isa = XCConfigurationList;
			buildConfigurations = (
				08D50A4727FD2EA00091C3DA /* Debug */,
				08D50A4827FD2EA00091C3DA /* Release */,
			);
			defaultConfigurationIsVisible = 0;
			defaultConfigurationName = Release;
		};
		08D50A4927FD2EA00091C3DA /* Build configuration list for PBXNativeTarget "FirebaseChatAppUITests" */ = {
			isa = XCConfigurationList;
			buildConfigurations = (
				08D50A4A27FD2EA00091C3DA /* Debug */,
				08D50A4B27FD2EA00091C3DA /* Release */,
			);
			defaultConfigurationIsVisible = 0;
			defaultConfigurationName = Release;
		};
/* End XCConfigurationList section */
	};
	rootObject = 08D50A1127FD2E9E0091C3DA /* Project object */;
}
